
Microsoft Visual Studio Solution File, Format Version 12.00
# Visual Studio Version 17
VisualStudioVersion = 17.9.34728.123
MinimumVisualStudioVersion = 10.0.40219.1
Project("{9A19103F-16F7-4668-BE54-9A1E7A4F7556}") = "KioscoInformaticoBackend", "KioscoInformaticoBackend.csproj", "{DFC142CD-EE9B-4DB5-B46A-17673D8CD2F2}"
EndProject
Global
	GlobalSection(SolutionConfigurationPlatforms) = preSolution
		Debug|Any CPU = Debug|Any CPU
		Release|Any CPU = Release|Any CPU
	EndGlobalSection
	GlobalSection(ProjectConfigurationPlatforms) = postSolution
		{DFC142CD-EE9B-4DB5-B46A-17673D8CD2F2}.Debug|Any CPU.ActiveCfg = Debug|Any CPU
		{DFC142CD-EE9B-4DB5-B46A-17673D8CD2F2}.Debug|Any CPU.Build.0 = Debug|Any CPU
		{DFC142CD-EE9B-4DB5-B46A-17673D8CD2F2}.Release|Any CPU.ActiveCfg = Release|Any CPU
		{DFC142CD-EE9B-4DB5-B46A-17673D8CD2F2}.Release|Any CPU.Build.0 = Release|Any CPU
	EndGlobalSection
	GlobalSection(SolutionProperties) = preSolution
		HideSolutionNode = FALSE
	EndGlobalSection
	GlobalSection(ExtensibilityGlobals) = postSolution
		SolutionGuid = {EDA89777-77FE-4CE3-8E1F-4B1B9DDE057D}
	EndGlobalSection
EndGlobal
